
Microsoft Visual Studio Solution File, Format Version 12.00
# Visual Studio Version 17
VisualStudioVersion = 17.11.35222.181
MinimumVisualStudioVersion = 10.0.40219.1
Project("{FAE04EC0-301F-11D3-BF4B-00C04F79EFBC}") = "ПИ32_Гусев_NUM4", "ПИ32_Гусев_NUM4\ПИ32_Гусев_NUM4.csproj", "{769985C2-48CC-4444-AF84-2E150FC35CAE}"
EndProject
Global
	GlobalSection(SolutionConfigurationPlatforms) = preSolution
		Debug|Any CPU = Debug|Any CPU
		Release|Any CPU = Release|Any CPU
	EndGlobalSection
	GlobalSection(ProjectConfigurationPlatforms) = postSolution
		{769985C2-48CC-4444-AF84-2E150FC35CAE}.Debug|Any CPU.ActiveCfg = Debug|Any CPU
		{769985C2-48CC-4444-AF84-2E150FC35CAE}.Debug|Any CPU.Build.0 = Debug|Any CPU
		{769985C2-48CC-4444-AF84-2E150FC35CAE}.Release|Any CPU.ActiveCfg = Release|Any CPU
		{769985C2-48CC-4444-AF84-2E150FC35CAE}.Release|Any CPU.Build.0 = Release|Any CPU
	EndGlobalSection
	GlobalSection(SolutionProperties) = preSolution
		HideSolutionNode = FALSE
	EndGlobalSection
	GlobalSection(ExtensibilityGlobals) = postSolution
		SolutionGuid = {750E7CF2-CA64-4713-B5B5-387B88013728}
	EndGlobalSection
EndGlobal
